
Microsoft Visual Studio Solution File, Format Version 12.00
# Visual Studio Version 17
VisualStudioVersion = 17.4.33213.308
MinimumVisualStudioVersion = 10.0.40219.1
Project("{FAE04EC0-301F-11D3-BF4B-00C04F79EFBC}") = "WindowsFormsApp2-lx", "WindowsFormsApp2-lx\WindowsFormsApp2-lx.csproj", "{5926DEDC-E55A-4259-9061-D2B370B56FEE}"
EndProject
Global
	GlobalSection(SolutionConfigurationPlatforms) = preSolution
		Debug|Any CPU = Debug|Any CPU
		Release|Any CPU = Release|Any CPU
	EndGlobalSection
	GlobalSection(ProjectConfigurationPlatforms) = postSolution
		{5926DEDC-E55A-4259-9061-D2B370B56FEE}.Debug|Any CPU.ActiveCfg = Debug|Any CPU
		{5926DEDC-E55A-4259-9061-D2B370B56FEE}.Debug|Any CPU.Build.0 = Debug|Any CPU
		{5926DEDC-E55A-4259-9061-D2B370B56FEE}.Release|Any CPU.ActiveCfg = Release|Any CPU
		{5926DEDC-E55A-4259-9061-D2B370B56FEE}.Release|Any CPU.Build.0 = Release|Any CPU
	EndGlobalSection
	GlobalSection(SolutionProperties) = preSolution
		HideSolutionNode = FALSE
	EndGlobalSection
	GlobalSection(ExtensibilityGlobals) = postSolution
		SolutionGuid = {B3515271-08C5-4CD5-A8A2-1BCACBD66C8E}
	EndGlobalSection
EndGlobal
