
Microsoft Visual Studio Solution File, Format Version 12.00
# Visual Studio Version 17
VisualStudioVersion = 17.4.33213.308
MinimumVisualStudioVersion = 10.0.40219.1
Project("{FAE04EC0-301F-11D3-BF4B-00C04F79EFBC}") = "WinForm-lx", "WinForm-lx\WinForm-lx.csproj", "{0E8286E4-3DD7-4AA8-B6CB-F8DE1B7B8BC2}"
EndProject
Global
	GlobalSection(SolutionConfigurationPlatforms) = preSolution
		Debug|Any CPU = Debug|Any CPU
		Release|Any CPU = Release|Any CPU
	EndGlobalSection
	GlobalSection(ProjectConfigurationPlatforms) = postSolution
		{0E8286E4-3DD7-4AA8-B6CB-F8DE1B7B8BC2}.Debug|Any CPU.ActiveCfg = Debug|Any CPU
		{0E8286E4-3DD7-4AA8-B6CB-F8DE1B7B8BC2}.Debug|Any CPU.Build.0 = Debug|Any CPU
		{0E8286E4-3DD7-4AA8-B6CB-F8DE1B7B8BC2}.Release|Any CPU.ActiveCfg = Release|Any CPU
		{0E8286E4-3DD7-4AA8-B6CB-F8DE1B7B8BC2}.Release|Any CPU.Build.0 = Release|Any CPU
	EndGlobalSection
	GlobalSection(SolutionProperties) = preSolution
		HideSolutionNode = FALSE
	EndGlobalSection
	GlobalSection(ExtensibilityGlobals) = postSolution
		SolutionGuid = {1FC74B5A-B6A9-45B5-95B4-C9A613E285E2}
	EndGlobalSection
EndGlobal
