
Microsoft Visual Studio Solution File, Format Version 12.00
# Visual Studio Version 17
VisualStudioVersion = 17.4.33213.308
MinimumVisualStudioVersion = 10.0.40219.1
Project("{FAE04EC0-301F-11D3-BF4B-00C04F79EFBC}") = "WinForm-KaoShi", "WinForm-KaoShi\WinForm-KaoShi.csproj", "{54276D5E-E453-47FA-B23F-21E2E086C398}"
EndProject
Global
	GlobalSection(SolutionConfigurationPlatforms) = preSolution
		Debug|Any CPU = Debug|Any CPU
		Release|Any CPU = Release|Any CPU
	EndGlobalSection
	GlobalSection(ProjectConfigurationPlatforms) = postSolution
		{54276D5E-E453-47FA-B23F-21E2E086C398}.Debug|Any CPU.ActiveCfg = Debug|Any CPU
		{54276D5E-E453-47FA-B23F-21E2E086C398}.Debug|Any CPU.Build.0 = Debug|Any CPU
		{54276D5E-E453-47FA-B23F-21E2E086C398}.Release|Any CPU.ActiveCfg = Release|Any CPU
		{54276D5E-E453-47FA-B23F-21E2E086C398}.Release|Any CPU.Build.0 = Release|Any CPU
	EndGlobalSection
	GlobalSection(SolutionProperties) = preSolution
		HideSolutionNode = FALSE
	EndGlobalSection
	GlobalSection(ExtensibilityGlobals) = postSolution
		SolutionGuid = {57D614E1-54B5-494C-822B-418C42621B2A}
	EndGlobalSection
EndGlobal
